
Microsoft Visual Studio Solution File, Format Version 12.00
# Visual Studio Version 16
VisualStudioVersion = 16.0.30517.126
MinimumVisualStudioVersion = 10.0.40219.1
Project("{9A19103F-16F7-4668-BE54-9A1E7A4F7556}") = "GraphSdkDemo.Api", "GraphSdkDemo.Api\GraphSdkDemo.Api.csproj", "{9E56D723-A493-4803-A31E-0DE07AE49C63}"
EndProject
Project("{9A19103F-16F7-4668-BE54-9A1E7A4F7556}") = "GraphSdkDemo.SharePoint.Services", "GraphSdkDemo.SharePoint.Services\GraphSdkDemo.SharePoint.Services.csproj", "{297580DA-CC14-4217-BD0D-FACAA527FAD7}"
EndProject
Project("{9A19103F-16F7-4668-BE54-9A1E7A4F7556}") = "GraphSdkDemo.SharePoint.Contracts", "GraphSdkDemo.SharePoint.Contracts\GraphSdkDemo.SharePoint.Contracts.csproj", "{8BB4C689-123A-4BE2-824D-D246A3992511}"
EndProject
Project("{FAE04EC0-301F-11D3-BF4B-00C04F79EFBC}") = "GraphSdkDemo", "GraphSdkDemo\GraphSdkDemo.csproj", "{2BA37153-F958-4CF5-B117-FCBAF3CFF756}"
EndProject
Project("{FAE04EC0-301F-11D3-BF4B-00C04F79EFBC}") = "GraphSdkDemo.SharePoint.Services.IntegrationTests", "GraphSdkDemo.SharePoint.Services.IntegrationTests\GraphSdkDemo.SharePoint.Services.IntegrationTests.csproj", "{338D5D74-4F4A-4C11-B554-B5E66CEC966A}"
EndProject
Project("{FAE04EC0-301F-11D3-BF4B-00C04F79EFBC}") = "GraphSdkDemo.Tests.Common", "GraphSdkDemo.Tests.Common\GraphSdkDemo.Tests.Common.csproj", "{CD73F236-6D6D-418A-AED2-F92523D09453}"
EndProject
Global
	GlobalSection(SolutionConfigurationPlatforms) = preSolution
		Debug|Any CPU = Debug|Any CPU
		Release|Any CPU = Release|Any CPU
	EndGlobalSection
	GlobalSection(ProjectConfigurationPlatforms) = postSolution
		{9E56D723-A493-4803-A31E-0DE07AE49C63}.Debug|Any CPU.ActiveCfg = Debug|Any CPU
		{9E56D723-A493-4803-A31E-0DE07AE49C63}.Debug|Any CPU.Build.0 = Debug|Any CPU
		{9E56D723-A493-4803-A31E-0DE07AE49C63}.Release|Any CPU.ActiveCfg = Release|Any CPU
		{9E56D723-A493-4803-A31E-0DE07AE49C63}.Release|Any CPU.Build.0 = Release|Any CPU
		{297580DA-CC14-4217-BD0D-FACAA527FAD7}.Debug|Any CPU.ActiveCfg = Debug|Any CPU
		{297580DA-CC14-4217-BD0D-FACAA527FAD7}.Debug|Any CPU.Build.0 = Debug|Any CPU
		{297580DA-CC14-4217-BD0D-FACAA527FAD7}.Release|Any CPU.ActiveCfg = Release|Any CPU
		{297580DA-CC14-4217-BD0D-FACAA527FAD7}.Release|Any CPU.Build.0 = Release|Any CPU
		{8BB4C689-123A-4BE2-824D-D246A3992511}.Debug|Any CPU.ActiveCfg = Debug|Any CPU
		{8BB4C689-123A-4BE2-824D-D246A3992511}.Debug|Any CPU.Build.0 = Debug|Any CPU
		{8BB4C689-123A-4BE2-824D-D246A3992511}.Release|Any CPU.ActiveCfg = Release|Any CPU
		{8BB4C689-123A-4BE2-824D-D246A3992511}.Release|Any CPU.Build.0 = Release|Any CPU
		{2BA37153-F958-4CF5-B117-FCBAF3CFF756}.Debug|Any CPU.ActiveCfg = Debug|Any CPU
		{2BA37153-F958-4CF5-B117-FCBAF3CFF756}.Debug|Any CPU.Build.0 = Debug|Any CPU
		{2BA37153-F958-4CF5-B117-FCBAF3CFF756}.Release|Any CPU.ActiveCfg = Release|Any CPU
		{2BA37153-F958-4CF5-B117-FCBAF3CFF756}.Release|Any CPU.Build.0 = Release|Any CPU
		{338D5D74-4F4A-4C11-B554-B5E66CEC966A}.Debug|Any CPU.ActiveCfg = Debug|Any CPU
		{338D5D74-4F4A-4C11-B554-B5E66CEC966A}.Debug|Any CPU.Build.0 = Debug|Any CPU
		{338D5D74-4F4A-4C11-B554-B5E66CEC966A}.Release|Any CPU.ActiveCfg = Release|Any CPU
		{338D5D74-4F4A-4C11-B554-B5E66CEC966A}.Release|Any CPU.Build.0 = Release|Any CPU
		{CD73F236-6D6D-418A-AED2-F92523D09453}.Debug|Any CPU.ActiveCfg = Debug|Any CPU
		{CD73F236-6D6D-418A-AED2-F92523D09453}.Debug|Any CPU.Build.0 = Debug|Any CPU
		{CD73F236-6D6D-418A-AED2-F92523D09453}.Release|Any CPU.ActiveCfg = Release|Any CPU
		{CD73F236-6D6D-418A-AED2-F92523D09453}.Release|Any CPU.Build.0 = Release|Any CPU
	EndGlobalSection
	GlobalSection(SolutionProperties) = preSolution
		HideSolutionNode = FALSE
	EndGlobalSection
	GlobalSection(ExtensibilityGlobals) = postSolution
		SolutionGuid = {2914BF68-1698-407D-8DAD-E47381EBE076}
	EndGlobalSection
EndGlobal
